# This file is generated by running "yarn install" inside your project.
# Manual changes might be lost - proceed with caution!

__metadata:
  version: 7
  cacheKey: 9

"@rometools/cli-darwin-arm64@npm:11.0.0":
  version: 11.0.0
  resolution: "@rometools/cli-darwin-arm64@npm:11.0.0"
  conditions: os=darwin & cpu=arm64
  languageName: node
  linkType: hard

"@rometools/cli-darwin-x64@npm:11.0.0":
  version: 11.0.0
  resolution: "@rometools/cli-darwin-x64@npm:11.0.0"
  conditions: os=darwin & cpu=x64
  languageName: node
  linkType: hard

"@rometools/cli-linux-arm64@npm:11.0.0":
  version: 11.0.0
  resolution: "@rometools/cli-linux-arm64@npm:11.0.0"
  conditions: os=linux & cpu=arm64
  languageName: node
  linkType: hard

"@rometools/cli-linux-x64@npm:11.0.0":
  version: 11.0.0
  resolution: "@rometools/cli-linux-x64@npm:11.0.0"
  conditions: os=linux & cpu=x64
  languageName: node
  linkType: hard

"@rometools/cli-win32-arm64@npm:11.0.0":
  version: 11.0.0
  resolution: "@rometools/cli-win32-arm64@npm:11.0.0"
  conditions: os=win32 & cpu=arm64
  languageName: node
  linkType: hard

"@rometools/cli-win32-x64@npm:11.0.0":
  version: 11.0.0
  resolution: "@rometools/cli-win32-x64@npm:11.0.0"
  conditions: os=win32 & cpu=x64
  languageName: node
  linkType: hard

"cbor@npm:^8.1.0":
  version: 8.1.0
  resolution: "cbor@npm:8.1.0"
  dependencies:
    nofilter: "npm:^3.1.0"
  checksum: baa293e7929f3c7d5829089c3dbd6a6c755ad482d41c4b8f8ed8489b93f3d3af630d443599744647606a571ecf02ad3a28bd9f55306ace3e9587bf43645deae8
  languageName: node
  linkType: hard

"nofilter@npm:^3.1.0":
  version: 3.1.0
  resolution: "nofilter@npm:3.1.0"
  checksum: 7c848870b7c60bc9439e2f721620fd0f54ad45c5af287757c29a698ad9939fd9ec98c24b4da2f59e3b43d6812bde198f2e215dc589930d552e4dcb69caaeb687
  languageName: node
  linkType: hard

"rome@npm:^11.0.0":
  version: 11.0.0
  resolution: "rome@npm:11.0.0"
  dependencies:
    "@rometools/cli-darwin-arm64": "npm:11.0.0"
    "@rometools/cli-darwin-x64": "npm:11.0.0"
    "@rometools/cli-linux-arm64": "npm:11.0.0"
    "@rometools/cli-linux-x64": "npm:11.0.0"
    "@rometools/cli-win32-arm64": "npm:11.0.0"
    "@rometools/cli-win32-x64": "npm:11.0.0"
  dependenciesMeta:
    "@rometools/cli-darwin-arm64":
      optional: true
    "@rometools/cli-darwin-x64":
      optional: true
    "@rometools/cli-linux-arm64":
      optional: true
    "@rometools/cli-linux-x64":
      optional: true
    "@rometools/cli-win32-arm64":
      optional: true
    "@rometools/cli-win32-x64":
      optional: true
  bin:
    rome: bin/rome
  checksum: 82e8ac6fc00c8212ce0cb3a8c76864f4c1d83433a454b14bb746e4af93e84bf193160115438b981ae86fc37cd2e96b2c728a7779b5a354601a39904be2280706
  languageName: node
  linkType: hard

"web-crypto-examples@workspace:.":
  version: 0.0.0-use.local
  resolution: "web-crypto-examples@workspace:."
  dependencies:
    cbor: "npm:^8.1.0"
    rome: "npm:^11.0.0"
  languageName: unknown
  linkType: soft
